
Microsoft Visual Studio Solution File, Format Version 12.00
# Visual Studio Version 16
VisualStudioVersion = 16.0.29102.190
MinimumVisualStudioVersion = 10.0.40219.1
Project("{FAE04EC0-301F-11D3-BF4B-00C04F79EFBC}") = "ConsoleApp Class01", "ConsoleApp Class01\ConsoleApp Class01.csproj", "{6184EF1D-F432-41D5-BB94-48F894B628DF}"
EndProject
Global
	GlobalSection(SolutionConfigurationPlatforms) = preSolution
		Debug|Any CPU = Debug|Any CPU
		Release|Any CPU = Release|Any CPU
	EndGlobalSection
	GlobalSection(ProjectConfigurationPlatforms) = postSolution
		{6184EF1D-F432-41D5-BB94-48F894B628DF}.Debug|Any CPU.ActiveCfg = Debug|Any CPU
		{6184EF1D-F432-41D5-BB94-48F894B628DF}.Debug|Any CPU.Build.0 = Debug|Any CPU
		{6184EF1D-F432-41D5-BB94-48F894B628DF}.Release|Any CPU.ActiveCfg = Release|Any CPU
		{6184EF1D-F432-41D5-BB94-48F894B628DF}.Release|Any CPU.Build.0 = Release|Any CPU
	EndGlobalSection
	GlobalSection(SolutionProperties) = preSolution
		HideSolutionNode = FALSE
	EndGlobalSection
	GlobalSection(ExtensibilityGlobals) = postSolution
		SolutionGuid = {E68EFCC1-9A41-412A-8ECD-C01302249DD8}
	EndGlobalSection
EndGlobal
